
Microsoft Visual Studio Solution File, Format Version 12.00
# Visual Studio Version 17
VisualStudioVersion = 17.1.32319.34
MinimumVisualStudioVersion = 10.0.40219.1
Project("{FAE04EC0-301F-11D3-BF4B-00C04F79EFBC}") = "Interview Preparation Kit", "Interview Preparation Kit\Interview Preparation Kit.csproj", "{2493E9C0-FB3F-410C-953C-C575A916FB0C}"
EndProject
Global
	GlobalSection(SolutionConfigurationPlatforms) = preSolution
		Debug|Any CPU = Debug|Any CPU
		Release|Any CPU = Release|Any CPU
	EndGlobalSection
	GlobalSection(ProjectConfigurationPlatforms) = postSolution
		{2493E9C0-FB3F-410C-953C-C575A916FB0C}.Debug|Any CPU.ActiveCfg = Debug|Any CPU
		{2493E9C0-FB3F-410C-953C-C575A916FB0C}.Debug|Any CPU.Build.0 = Debug|Any CPU
		{2493E9C0-FB3F-410C-953C-C575A916FB0C}.Release|Any CPU.ActiveCfg = Release|Any CPU
		{2493E9C0-FB3F-410C-953C-C575A916FB0C}.Release|Any CPU.Build.0 = Release|Any CPU
	EndGlobalSection
	GlobalSection(SolutionProperties) = preSolution
		HideSolutionNode = FALSE
	EndGlobalSection
	GlobalSection(ExtensibilityGlobals) = postSolution
		SolutionGuid = {4480EFF0-9A3E-470E-A981-030A1855D0C2}
	EndGlobalSection
EndGlobal
